
Microsoft Visual Studio Solution File, Format Version 11.00
# Visual Studio 2010
Project("{8BC9CEB8-8B4A-11D0-8D11-00A0C91BC942}") = "lab6.3,2", "lab6.3,2\lab6.3,2.vcxproj", "{636113D5-7046-4505-9543-0195E0523531}"
EndProject
Global
	GlobalSection(SolutionConfigurationPlatforms) = preSolution
		Debug|Win32 = Debug|Win32
		Release|Win32 = Release|Win32
	EndGlobalSection
	GlobalSection(ProjectConfigurationPlatforms) = postSolution
		{636113D5-7046-4505-9543-0195E0523531}.Debug|Win32.ActiveCfg = Debug|Win32
		{636113D5-7046-4505-9543-0195E0523531}.Debug|Win32.Build.0 = Debug|Win32
		{636113D5-7046-4505-9543-0195E0523531}.Release|Win32.ActiveCfg = Release|Win32
		{636113D5-7046-4505-9543-0195E0523531}.Release|Win32.Build.0 = Release|Win32
	EndGlobalSection
	GlobalSection(SolutionProperties) = preSolution
		HideSolutionNode = FALSE
	EndGlobalSection
EndGlobal
